
Microsoft Visual Studio Solution File, Format Version 12.00
# Visual Studio 2015
Project("{FAE04EC0-301F-11D3-BF4B-00C04F79EFBC}") = "THG_VR.Plugins", "THG_VR.Plugins.csproj", "{55B7485A-F225-8C48-ABC1-B28A814B4E64}"
EndProject
Project("{FAE04EC0-301F-11D3-BF4B-00C04F79EFBC}") = "THG_VR", "THG_VR.csproj", "{30B520CD-DCC8-F5B5-10EE-CB2E95EFA110}"
EndProject
Project("{FAE04EC0-301F-11D3-BF4B-00C04F79EFBC}") = "THG_VR.Editor", "THG_VR.Editor.csproj", "{7F56AC2B-42DF-BCC8-02AF-AE18ECCACD34}"
EndProject
Global
	GlobalSection(SolutionConfigurationPlatforms) = preSolution
		Debug|Any CPU = Debug|Any CPU
		Release|Any CPU = Release|Any CPU
	EndGlobalSection
	GlobalSection(ProjectConfigurationPlatforms) = postSolution
		{55B7485A-F225-8C48-ABC1-B28A814B4E64}.Debug|Any CPU.ActiveCfg = Debug|Any CPU
		{55B7485A-F225-8C48-ABC1-B28A814B4E64}.Debug|Any CPU.Build.0 = Debug|Any CPU
		{55B7485A-F225-8C48-ABC1-B28A814B4E64}.Release|Any CPU.ActiveCfg = Release|Any CPU
		{55B7485A-F225-8C48-ABC1-B28A814B4E64}.Release|Any CPU.Build.0 = Release|Any CPU
		{30B520CD-DCC8-F5B5-10EE-CB2E95EFA110}.Debug|Any CPU.ActiveCfg = Debug|Any CPU
		{30B520CD-DCC8-F5B5-10EE-CB2E95EFA110}.Debug|Any CPU.Build.0 = Debug|Any CPU
		{30B520CD-DCC8-F5B5-10EE-CB2E95EFA110}.Release|Any CPU.ActiveCfg = Release|Any CPU
		{30B520CD-DCC8-F5B5-10EE-CB2E95EFA110}.Release|Any CPU.Build.0 = Release|Any CPU
		{7F56AC2B-42DF-BCC8-02AF-AE18ECCACD34}.Debug|Any CPU.ActiveCfg = Debug|Any CPU
		{7F56AC2B-42DF-BCC8-02AF-AE18ECCACD34}.Debug|Any CPU.Build.0 = Debug|Any CPU
		{7F56AC2B-42DF-BCC8-02AF-AE18ECCACD34}.Release|Any CPU.ActiveCfg = Release|Any CPU
		{7F56AC2B-42DF-BCC8-02AF-AE18ECCACD34}.Release|Any CPU.Build.0 = Release|Any CPU
	EndGlobalSection
	GlobalSection(SolutionProperties) = preSolution
		HideSolutionNode = FALSE
	EndGlobalSection
EndGlobal
